{
    "name": "mike-tsyon",
    "version": "1.0.0",
    "lockfileVersion": 3,
    "requires": true,
    "packages": {
      "": {
        "name": "mike-tsyon",
        "version": "1.0.0",
        "dependencies": {
          "next": "13.0.6",
          "nextra": "2.13.2",
          "nextra-theme-docs": "2.13.2",
          "react": "18.2.0",
          "react-dom": "18.2.0"
        },
        "devDependencies": {
          "@types/node": "18.11.10",
          "typescript": "4.9.3"
        }
      }
    },
    "dependencies": {
      "@types/node": {
        "version": "18.11.10",
        "resolved": "https://registry.npmjs.org/@types/node/-/node-18.11.10.tgz",
        "integrity": "sha512-juG3RWMBOqcOuXC643OAdSA525V44cVgGV6dUDuiFtss+8Fk5x1hI93Rsld43VeJVIeqlP9I7Fn9/qaVqoEAuQ==",
        "dev": true
      },
      "next": {
        "version": "13.0.6",
        "resolved": "https://registry.npmjs.org/next/-/next-13.0.6.tgz",
        "integrity": "sha512-COvigvms2LRt1rrzfBQcMQ2GZd86Mvk1z+LOLY5pnYikBxwNVU4cu28bkWZy1tVx45RfMggrYf0oFUux9JxKrw=="
      },
      "nextra": {
        "version": "2.13.2",
        "resolved": "https://registry.npmjs.org/nextra/-/nextra-2.13.2.tgz",
        "integrity": "sha512-/xPqNFqzL3GjK0l8jmAQZ5ZJp2S+wXk6v2Ix5Mqz4zvNm8Ue+P8x6IBvQ2FL1mWYhDr0FvR0/9R4E8v7rBgWnw=="
      },
      "nextra-theme-docs": {
        "version": "2.13.2",
        "resolved": "https://registry.npmjs.org/nextra-theme-docs/-/nextra-theme-docs-2.13.2.tgz",
        "integrity": "sha512-/xPqNFqzL3GjK0l8jmAQZ5ZJp2S+wXk6v2Ix5Mqz4zvNm8Ue+P8x6IBvQ2FL1mWYhDr0FvR0/9R4E8v7rBgWnw=="
      },
      "react": {
        "version": "18.2.0",
        "resolved": "https://registry.npmjs.org/react/-/react-18.2.0.tgz",
        "integrity": "sha512-/3IjMdb2L9QbBdWiW5e3P2/npwMBaU9mHCSCUzNln0ZCYbcfTsGbTJrU/kGemdH2IWmB2ioZ+zkxtmq6g09fGQ=="
      },
      "react-dom": {
        "version": "18.2.0",
        "resolved": "https://registry.npmjs.org/react-dom/-/react-dom-18.2.0.tgz",
        "integrity": "sha512-6IMTriUmvsjHUjNtEDudZfuDQUoWXVxKHhlEGSk81n4YFS+r/Kl99wXiwlVXtPBtJenozv2P+hxDsw9eA7Xo6g=="
      },
      "typescript": {
        "version": "4.9.3",
        "resolved": "https://registry.npmjs.org/typescript/-/typescript-4.9.3.tgz",
        "integrity": "sha512-CIfGzTelbKNEnLpLdGFgdyKhG23CKdKgQPOBc+OUNrkJ2vr+KSzsSV5kq5iWhEQbok+quxgGzrAtGWCyU7tHnA==",
        "dev": true
      }
    }
  }